<?xml version="1.0" encoding="utf-8"?>
<Project ToolsVersion="4.0" xmlns="http://schemas.microsoft.com/developer/msbuild/2003">
  <ItemGroup>
    <Filter Include="Common">
      <UniqueIdentifier>33eee73c-e798-4199-a562-b2ed8c09d534</UniqueIdentifier>
    </Filter>
    <Filter Include="Assets">
      <UniqueIdentifier>40ca13da-bcd2-43f5-a5d4-050f6ec558e5</UniqueIdentifier>
      <Extensions>bmp;fbx;gif;jpg;jpeg;tga;tiff;tif;png</Extensions>
    </Filter>
    <Filter Include="Content">
      <UniqueIdentifier>fb84eefd-1307-4828-9bd7-02a1124e3de0</UniqueIdentifier>
    </Filter>
    <ClInclude Include="Common\DirectXHelper.h">
      <Filter>Common</Filter>
    </ClInclude>
    <ClInclude Include="Common\StepTimer.h">
      <Filter>Common</Filter>
    </ClInclude>
    <ClInclude Include="Common\DeviceResources.h">
      <Filter>Common</Filter>
    </ClInclude>
    <ClCompile Include="Common\DeviceResources.cpp">
      <Filter>Common</Filter>
    </ClCompile>
    <ClInclude Include="Content\Sample3DSceneRenderer.h">
      <Filter>Content</Filter>
    </ClInclude>
    <ClInclude Include="Content\SampleFpsTextRenderer.h">
      <Filter>Content</Filter>
    </ClInclude>
    <ClInclude Include="Content\ShaderStructures.h">
      <Filter>Content</Filter>
    </ClInclude>
    <ClCompile Include="Content\Sample3DSceneRenderer.cpp">
      <Filter>Content</Filter>
    </ClCompile>
    <ClCompile Include="Content\SampleFpsTextRenderer.cpp">
      <Filter>Content</Filter>
    </ClCompile>
    <FxCompile Include="Content\SamplePixelShader.hlsl">
      <Filter>Content</Filter>
    </FxCompile>
    <FxCompile Include="Content\SampleVertexShader.hlsl">
      <Filter>Content</Filter>
    </FxCompile>
    <Image Include="Assets\LockScreenLogo.scale-200.png">
      <Filter>Assets</Filter>
    </Image>
    <Image Include="Assets\Square150x150Logo.scale-200.png">
      <Filter>Assets</Filter>
    </Image>
    <Image Include="Assets\Square44x44Logo.scale-200.png">
      <Filter>Assets</Filter>
    </Image>
    <Image Include="Assets\Square44x44Logo.targetsize-24_altform-unplated.png">
      <Filter>Assets</Filter>
    </Image>
    <Image Include="Assets\Wide310x150Logo.scale-200.png">
      <Filter>Assets</Filter>
    </Image>
  </ItemGroup>
  <ItemGroup>
    <ClCompile Include="App.cpp" />
    <ClCompile Include="DX_GraphicsMain.cpp" />
    <ClCompile Include="pch.cpp" />
    <ClCompile Include="ObjLoader.cpp" />
    <ClCompile Include="DDSTextureLoader.cpp" />
  </ItemGroup>
  <ItemGroup>
    <ClInclude Include="App.h" />
    <ClInclude Include="DX_GraphicsMain.h" />
    <ClInclude Include="pch.h" />
    <ClInclude Include="ObjLoader.h" />
    <ClInclude Include="DDSTextureLoader.h" />
  </ItemGroup>
  <ItemGroup>
    <Image Include="Assets\StoreLogo.png">
      <Filter>Assets</Filter>
    </Image>
    <Image Include="sunmap.png">
      <Filter>Assets</Filter>
    </Image>
    <Image Include="sunmap.dds">
      <Filter>Assets</Filter>
    </Image>
    <Image Include="rock.dds">
      <Filter>Assets</Filter>
    </Image>
    <Image Include="OutputCube.dds">
      <Filter>Assets</Filter>
    </Image>
    <Image Include="talon.dds">
      <Filter>Assets</Filter>
    </Image>
    <Image Include="Assets\SplashScreen.scale-200.png">
      <Filter>Assets</Filter>
    </Image>
    <Image Include="earthmap.dds">
      <Filter>Assets</Filter>
    </Image>
    <Image Include="jupitermap.dds">
      <Filter>Assets</Filter>
    </Image>
    <Image Include="marsmap.dds">
      <Filter>Assets</Filter>
    </Image>
    <Image Include="mercurymap.dds">
      <Filter>Assets</Filter>
    </Image>
    <Image Include="moonmap.dds">
      <Filter>Assets</Filter>
    </Image>
    <Image Include="neptunemap.dds">
      <Filter>Assets</Filter>
    </Image>
    <Image Include="plutomap.dds">
      <Filter>Assets</Filter>
    </Image>
    <Image Include="saturnmap.dds">
      <Filter>Assets</Filter>
    </Image>
    <Image Include="uranusmap.dds">
      <Filter>Assets</Filter>
    </Image>
    <Image Include="venusmap.dds">
      <Filter>Assets</Filter>
    </Image>
  </ItemGroup>
  <ItemGroup>
    <AppxManifest Include="Package.appxmanifest" />
  </ItemGroup>
  <ItemGroup>
    <None Include="DX_Graphics_TemporaryKey.pfx" />
    <None Include="Light.hlsli">
      <Filter>Content</Filter>
    </None>
    <None Include="Assets\pyramid.obj">
      <Filter>Assets</Filter>
    </None>
    <None Include="talon.obj">
      <Filter>Assets</Filter>
    </None>
    <None Include="sphere.obj">
      <Filter>Assets</Filter>
    </None>
    <None Include="asteroid.obj">
      <Filter>Assets</Filter>
    </None>
    <None Include="asteroiddonut.obj">
      <Filter>Assets</Filter>
    </None>
    <None Include="cube.obj">
      <Filter>Assets</Filter>
    </None>
    <None Include="meteorlong.obj">
      <Filter>Assets</Filter>
    </None>
  </ItemGroup>
  <ItemGroup>
    <FxCompile Include="Content\InstancingVertexShader.hlsl">
      <Filter>Content</Filter>
    </FxCompile>
    <FxCompile Include="GeometryShader.hlsl">
      <Filter>Content</Filter>
    </FxCompile>
    <FxCompile Include="VertextoGeometryShader.hlsl">
      <Filter>Content</Filter>
    </FxCompile>
    <FxCompile Include="skyboxPixelShader.hlsl">
      <Filter>Content</Filter>
    </FxCompile>
  </ItemGroup>
</Project>